
Microsoft Visual Studio Solution File, Format Version 12.00
# Visual Studio 14
VisualStudioVersion = 14.0.25420.1
MinimumVisualStudioVersion = 10.0.40219.1
Project("{FAE04EC0-301F-11D3-BF4B-00C04F79EFBC}") = "sisConcurso", "sisConcurso\sisConcurso.csproj", "{47B2A6B6-3240-4058-89FA-59310CE7977F}"
EndProject
Project("{FAE04EC0-301F-11D3-BF4B-00C04F79EFBC}") = "siWeb", "siWeb\siWeb.csproj", "{C0EC591C-F171-41A2-8D74-289429B2ACA6}"
EndProject
Project("{FAE04EC0-301F-11D3-BF4B-00C04F79EFBC}") = "HerramientasDatas", "HerramientasDatas\HerramientasDatas.csproj", "{87D1AF5D-5ABD-48C8-AEBD-5BEE909731E9}"
EndProject
Global
	GlobalSection(SolutionConfigurationPlatforms) = preSolution
		Debug|Any CPU = Debug|Any CPU
		Release|Any CPU = Release|Any CPU
	EndGlobalSection
	GlobalSection(ProjectConfigurationPlatforms) = postSolution
		{47B2A6B6-3240-4058-89FA-59310CE7977F}.Debug|Any CPU.ActiveCfg = Debug|Any CPU
		{47B2A6B6-3240-4058-89FA-59310CE7977F}.Debug|Any CPU.Build.0 = Debug|Any CPU
		{47B2A6B6-3240-4058-89FA-59310CE7977F}.Release|Any CPU.ActiveCfg = Release|Any CPU
		{47B2A6B6-3240-4058-89FA-59310CE7977F}.Release|Any CPU.Build.0 = Release|Any CPU
		{C0EC591C-F171-41A2-8D74-289429B2ACA6}.Debug|Any CPU.ActiveCfg = Release|Any CPU
		{C0EC591C-F171-41A2-8D74-289429B2ACA6}.Debug|Any CPU.Build.0 = Release|Any CPU
		{C0EC591C-F171-41A2-8D74-289429B2ACA6}.Release|Any CPU.ActiveCfg = Release|Any CPU
		{C0EC591C-F171-41A2-8D74-289429B2ACA6}.Release|Any CPU.Build.0 = Release|Any CPU
		{87D1AF5D-5ABD-48C8-AEBD-5BEE909731E9}.Debug|Any CPU.ActiveCfg = Debug|Any CPU
		{87D1AF5D-5ABD-48C8-AEBD-5BEE909731E9}.Debug|Any CPU.Build.0 = Debug|Any CPU
		{87D1AF5D-5ABD-48C8-AEBD-5BEE909731E9}.Release|Any CPU.ActiveCfg = Release|Any CPU
		{87D1AF5D-5ABD-48C8-AEBD-5BEE909731E9}.Release|Any CPU.Build.0 = Release|Any CPU
	EndGlobalSection
	GlobalSection(SolutionProperties) = preSolution
		HideSolutionNode = FALSE
	EndGlobalSection
EndGlobal
